# This file is autogenerated, do not edit; changes may be undone by the next 'dep ensure'.


[[projects]]
  digest = "1:e4784fb1b71aac0c197a9eb3bb6e74251d90393ae8714b9796cdb09d78cb1952"
  name = "github.com/MontFerret/ferret"
  packages = [
    "pkg/compiler",
    "pkg/drivers",
    "pkg/drivers/cdp",
    "pkg/drivers/cdp/eval",
    "pkg/drivers/cdp/events",
    "pkg/drivers/cdp/input",
    "pkg/drivers/cdp/templates",
    "pkg/drivers/common",
    "pkg/drivers/http",
    "pkg/parser",
    "pkg/parser/fql",
    "pkg/runtime",
    "pkg/runtime/collections",
    "pkg/runtime/core",
    "pkg/runtime/expressions",
    "pkg/runtime/expressions/clauses",
    "pkg/runtime/expressions/literals",
    "pkg/runtime/expressions/operators",
    "pkg/runtime/logging",
    "pkg/runtime/values",
    "pkg/runtime/values/types",
    "pkg/stdlib",
    "pkg/stdlib/arrays",
    "pkg/stdlib/collections",
    "pkg/stdlib/html",
    "pkg/stdlib/math",
    "pkg/stdlib/objects",
    "pkg/stdlib/strings",
    "pkg/stdlib/types",
    "pkg/stdlib/utils",
  ]
  pruneopts = "UT"
  revision = "453e9b389725ee258f15452d4193d158364e5612"
  version = "v0.9.0"

[[projects]]
  digest = "1:573fa46f8d413d4bc3f7cc5e86b2c43cb21559f4fb0a19d9874d228e28fdc07c"
  name = "github.com/PuerkitoBio/goquery"
  packages = ["."]
  pruneopts = "UT"
  revision = "2d2796f41742ece03e8086188fa4db16a3a0b458"
  version = "v1.5.0"

[[projects]]
  digest = "1:24ffaa1636eba8f0cfc7671121d05a9a2040605adb1927a93be88fbc2ea6cfdb"
  name = "github.com/andybalholm/cascadia"
  packages = ["."]
  pruneopts = "UT"
  revision = "b69f6c92dfc187ebfe3914df716c2647a3af0ba0"
  version = "v1.1.0"

[[projects]]
  digest = "1:1e4164664d35f181cfa810b4f3cbf04a05bc12395ba946cf7153c4c5a7132944"
  name = "github.com/antchfx/htmlquery"
  packages = ["."]
  pruneopts = "UT"
  revision = "b3aab73e1fab21eda5df53a9fbf67fc053561222"
  version = "v1.2.2"

[[projects]]
  digest = "1:e4f76639f4a8696f35a9b184ca8e87472237c706c6548d721db03bd3d8fa365e"
  name = "github.com/antchfx/xpath"
  packages = ["."]
  pruneopts = "UT"
  revision = "1c990a699e0680116dc25afd40e541363598aff6"
  version = "v1.1.4"

[[projects]]
  digest = "1:d04889482897652dedae6d8575b479c06fa3eb3c3abe248163b25d3df5fab43e"
  name = "github.com/antlr/antlr4"
  packages = ["runtime/Go/antlr"]
  pruneopts = "UT"
  revision = "be58ebffde8e29c154192c019608f0a5b8e6a064"
  version = "4.7.2"

[[projects]]
  digest = "1:47420c4c3ee9278a1792ce650372c5de72708e14c515063fe1e4de283e68d3dd"
  name = "github.com/corpix/uarand"
  packages = ["."]
  pruneopts = "UT"
  revision = "640b5a843a6aea7bf4a501eb04bc2b8c8c984344"
  version = "v0.1.1"

[[projects]]
  branch = "master"
  digest = "1:b7cb6054d3dff43b38ad2e92492f220f57ae6087ee797dca298139776749ace8"
  name = "github.com/golang/groupcache"
  packages = ["lru"]
  pruneopts = "UT"
  revision = "215e87163ea771ffa998a96c611387313bb5a403"

[[projects]]
  digest = "1:fc51ecee8f31d03436c1a0167eb1e383ad0a241d02272541853f3995374a08f1"
  name = "github.com/gorilla/css"
  packages = ["scanner"]
  pruneopts = "UT"
  revision = "398b0b046082ecb3694c01bec6b336a06a4e530a"
  version = "v1.0.0"

[[projects]]
  digest = "1:e62657cca9badaa308d86e7716083e4c5933bb78e30a17743fc67f50be26f6f4"
  name = "github.com/gorilla/websocket"
  packages = ["."]
  pruneopts = "UT"
  revision = "c3e18be99d19e6b3e8f1559eea2c161a665c4b6b"
  version = "v1.4.1"

[[projects]]
  digest = "1:f1aa31b73072f35d02755844cbb114610c898cb1b50694fce05b8b9fb6527c0d"
  name = "github.com/mafredri/cdp"
  packages = [
    ".",
    "devtool",
    "internal/errors",
    "protocol/accessibility",
    "protocol/animation",
    "protocol/applicationcache",
    "protocol/audits",
    "protocol/backgroundservice",
    "protocol/browser",
    "protocol/cachestorage",
    "protocol/cast",
    "protocol/console",
    "protocol/css",
    "protocol/database",
    "protocol/debugger",
    "protocol/deviceorientation",
    "protocol/dom",
    "protocol/domdebugger",
    "protocol/domsnapshot",
    "protocol/domstorage",
    "protocol/emulation",
    "protocol/fetch",
    "protocol/headlessexperimental",
    "protocol/heapprofiler",
    "protocol/indexeddb",
    "protocol/input",
    "protocol/inspector",
    "protocol/internal",
    "protocol/io",
    "protocol/layertree",
    "protocol/log",
    "protocol/media",
    "protocol/memory",
    "protocol/network",
    "protocol/overlay",
    "protocol/page",
    "protocol/performance",
    "protocol/profiler",
    "protocol/runtime",
    "protocol/schema",
    "protocol/security",
    "protocol/serviceworker",
    "protocol/storage",
    "protocol/systeminfo",
    "protocol/target",
    "protocol/tethering",
    "protocol/tracing",
    "protocol/webaudio",
    "protocol/webauthn",
    "rpcc",
    "session",
  ]
  pruneopts = "UT"
  revision = "64172c483a364d586d94edc08ae264822e29a150"
  version = "v0.25.0"

[[projects]]
  digest = "1:9053d7051fbebf02ad72d984134c2ba462eb46f7506e1145534550e6d0f702a5"
  name = "github.com/pkg/errors"
  packages = ["."]
  pruneopts = "UT"
  revision = "49f8f617296114c890ae0b7ac18c5953d2b1ca0f"
  version = "v0.9.0"

[[projects]]
  digest = "1:bef6d53f502eb5983a4cffda3600e9aa311fd4a0abf768344ab46df9248f856e"
  name = "github.com/rs/zerolog"
  packages = [
    ".",
    "internal/cbor",
    "internal/json",
  ]
  pruneopts = "UT"
  revision = "f1dd50b8c64d79be1392edf1d8fda5cedea4916d"
  version = "v1.17.2"

[[projects]]
  digest = "1:4ca145a665316d3c020a39c0741780fa3636b9152b824206796c4dce541f4a24"
  name = "github.com/sethgrid/pester"
  packages = ["."]
  pruneopts = "UT"
  revision = "03e26c9abbbf5accb8349790bf9f41bde09d72c3"
  version = "1.0.0"

[[projects]]
  branch = "master"
  digest = "1:fcad7cd3276afdd1f069c25887ef7ddba9d773145d0f17831e005a0d904c3579"
  name = "golang.org/x/net"
  packages = [
    "html",
    "html/atom",
    "html/charset",
  ]
  pruneopts = "UT"
  revision = "c0dbc17a35534bf2e581d7a942408dc936316da4"

[[projects]]
  branch = "master"
  digest = "1:b521f10a2d8fa85c04a8ef4e62f2d1e14d303599a55d64dabf9f5a02f84d35eb"
  name = "golang.org/x/sync"
  packages = ["errgroup"]
  pruneopts = "UT"
  revision = "cd5d95a43a6e21273425c7ae415d3df9ea832eeb"

[[projects]]
  digest = "1:8a0baffd5559acaa560f854d7d525c02f4fec2d4f8a214398556fb661a10f6e0"
  name = "golang.org/x/text"
  packages = [
    "encoding",
    "encoding/charmap",
    "encoding/htmlindex",
    "encoding/internal",
    "encoding/internal/identifier",
    "encoding/japanese",
    "encoding/korean",
    "encoding/simplifiedchinese",
    "encoding/traditionalchinese",
    "encoding/unicode",
    "internal/gen",
    "internal/language",
    "internal/language/compact",
    "internal/tag",
    "internal/utf8internal",
    "language",
    "runes",
    "transform",
    "unicode/cldr",
  ]
  pruneopts = "UT"
  revision = "342b2e1fbaa52c93f31447ad2c6abc048c63e475"
  version = "v0.3.2"

[solve-meta]
  analyzer-name = "dep"
  analyzer-version = 1
  input-imports = [
    "github.com/MontFerret/ferret/pkg/compiler",
    "github.com/MontFerret/ferret/pkg/drivers",
    "github.com/MontFerret/ferret/pkg/drivers/cdp",
    "github.com/MontFerret/ferret/pkg/drivers/http",
  ]
  solver-name = "gps-cdcl"
  solver-version = 1
